
Microsoft Visual Studio Solution File, Format Version 12.00
# Visual Studio Version 17
VisualStudioVersion = 17.6.33717.318
MinimumVisualStudioVersion = 10.0.40219.1
Project("{9A19103F-16F7-4668-BE54-9A1E7A4F7556}") = "BookRecommendation", "bookRecommendation\BookRecommendation.csproj", "{718FD024-A7D5-4AD4-BA50-F7BA5EB26E8F}"
EndProject
Project("{FAE04EC0-301F-11D3-BF4B-00C04F79EFBC}") = "BookRecommendation.Repository", "BookRecommendation.Repository\BookRecommendation.Repository.csproj", "{E0B5BD26-C960-4D3A-8F26-20386BB023AC}"
EndProject
Project("{FAE04EC0-301F-11D3-BF4B-00C04F79EFBC}") = "BookRecommendation.Service", "BookRecommendation.Service\BookRecommendation.Service.csproj", "{0D157C04-D559-4FC6-BB4A-DD2036908C7E}"
EndProject
Project("{FAE04EC0-301F-11D3-BF4B-00C04F79EFBC}") = "BookRecommendation.Core", "BookRecommendation.Core\BookRecommendation.Core.csproj", "{35892127-A445-4BA4-88A0-8097D24B502E}"
EndProject
Global
	GlobalSection(SolutionConfigurationPlatforms) = preSolution
		Debug|Any CPU = Debug|Any CPU
		Release|Any CPU = Release|Any CPU
	EndGlobalSection
	GlobalSection(ProjectConfigurationPlatforms) = postSolution
		{718FD024-A7D5-4AD4-BA50-F7BA5EB26E8F}.Debug|Any CPU.ActiveCfg = Debug|Any CPU
		{718FD024-A7D5-4AD4-BA50-F7BA5EB26E8F}.Debug|Any CPU.Build.0 = Debug|Any CPU
		{718FD024-A7D5-4AD4-BA50-F7BA5EB26E8F}.Release|Any CPU.ActiveCfg = Release|Any CPU
		{718FD024-A7D5-4AD4-BA50-F7BA5EB26E8F}.Release|Any CPU.Build.0 = Release|Any CPU
		{E0B5BD26-C960-4D3A-8F26-20386BB023AC}.Debug|Any CPU.ActiveCfg = Debug|Any CPU
		{E0B5BD26-C960-4D3A-8F26-20386BB023AC}.Debug|Any CPU.Build.0 = Debug|Any CPU
		{E0B5BD26-C960-4D3A-8F26-20386BB023AC}.Release|Any CPU.ActiveCfg = Release|Any CPU
		{E0B5BD26-C960-4D3A-8F26-20386BB023AC}.Release|Any CPU.Build.0 = Release|Any CPU
		{0D157C04-D559-4FC6-BB4A-DD2036908C7E}.Debug|Any CPU.ActiveCfg = Debug|Any CPU
		{0D157C04-D559-4FC6-BB4A-DD2036908C7E}.Debug|Any CPU.Build.0 = Debug|Any CPU
		{0D157C04-D559-4FC6-BB4A-DD2036908C7E}.Release|Any CPU.ActiveCfg = Release|Any CPU
		{0D157C04-D559-4FC6-BB4A-DD2036908C7E}.Release|Any CPU.Build.0 = Release|Any CPU
		{35892127-A445-4BA4-88A0-8097D24B502E}.Debug|Any CPU.ActiveCfg = Debug|Any CPU
		{35892127-A445-4BA4-88A0-8097D24B502E}.Debug|Any CPU.Build.0 = Debug|Any CPU
		{35892127-A445-4BA4-88A0-8097D24B502E}.Release|Any CPU.ActiveCfg = Release|Any CPU
		{35892127-A445-4BA4-88A0-8097D24B502E}.Release|Any CPU.Build.0 = Release|Any CPU
	EndGlobalSection
	GlobalSection(SolutionProperties) = preSolution
		HideSolutionNode = FALSE
	EndGlobalSection
	GlobalSection(ExtensibilityGlobals) = postSolution
		SolutionGuid = {70C66F1E-E74C-4B24-8753-5D9F4AF750EC}
	EndGlobalSection
EndGlobal
